
Microsoft Visual Studio Solution File, Format Version 12.00
# Visual Studio Version 17
VisualStudioVersion = 17.1.32319.34
MinimumVisualStudioVersion = 10.0.40219.1
Project("{FAE04EC0-301F-11D3-BF4B-00C04F79EFBC}") = "WpfApp", "WpfApp\WpfApp.csproj", "{863B5492-6E35-42CF-BB74-316D1C68BCA9}"
EndProject
Global
	GlobalSection(SolutionConfigurationPlatforms) = preSolution
		Debug|Any CPU = Debug|Any CPU
		Release|Any CPU = Release|Any CPU
	EndGlobalSection
	GlobalSection(ProjectConfigurationPlatforms) = postSolution
		{863B5492-6E35-42CF-BB74-316D1C68BCA9}.Debug|Any CPU.ActiveCfg = Debug|Any CPU
		{863B5492-6E35-42CF-BB74-316D1C68BCA9}.Debug|Any CPU.Build.0 = Debug|Any CPU
		{863B5492-6E35-42CF-BB74-316D1C68BCA9}.Release|Any CPU.ActiveCfg = Release|Any CPU
		{863B5492-6E35-42CF-BB74-316D1C68BCA9}.Release|Any CPU.Build.0 = Release|Any CPU
	EndGlobalSection
	GlobalSection(SolutionProperties) = preSolution
		HideSolutionNode = FALSE
	EndGlobalSection
	GlobalSection(ExtensibilityGlobals) = postSolution
		SolutionGuid = {D583A2AB-CF89-4E12-98A4-6B1B5DF5E427}
	EndGlobalSection
EndGlobal
